// !$*UTF8*$!
{
	archiveVersion = 1;
	classes = {
	};
	objectVersion = 51;
	objects = {

/* Begin PBXBuildFile section */
		15D4306E0E7C10F44963DF1D /* Pods_Cocktails.framework in Frameworks */ = {isa = PBXBuildFile; fileRef = 56E73A5C181A5D8A12BB97BF /* Pods_Cocktails.framework */; };
		520D5CB725A8CC65003588B1 /* CocktailsApp.swift in Sources */ = {isa = PBXBuildFile; fileRef = 520D5CB625A8CC65003588B1 /* CocktailsApp.swift */; };
		520D5CB925A8CC65003588B1 /* ContentView.swift in Sources */ = {isa = PBXBuildFile; fileRef = 520D5CB825A8CC65003588B1 /* ContentView.swift */; };
		520D5CBB25A8CC68003588B1 /* Assets.xcassets in Resources */ = {isa = PBXBuildFile; fileRef = 520D5CBA25A8CC68003588B1 /* Assets.xcassets */; };
		520D5CBE25A8CC68003588B1 /* Preview Assets.xcassets in Resources */ = {isa = PBXBuildFile; fileRef = 520D5CBD25A8CC68003588B1 /* Preview Assets.xcassets */; };
		520D5CCC25A8DEAD003588B1 /* CocktailCardView.swift in Sources */ = {isa = PBXBuildFile; fileRef = 520D5CCB25A8DEAD003588B1 /* CocktailCardView.swift */; };
		520D5CD025A8E44C003588B1 /* StartButtonView.swift in Sources */ = {isa = PBXBuildFile; fileRef = 520D5CCF25A8E44C003588B1 /* StartButtonView.swift */; };
		520D5CD325A8E845003588B1 /* OnboardingView.swift in Sources */ = {isa = PBXBuildFile; fileRef = 520D5CD225A8E845003588B1 /* OnboardingView.swift */; };
		520D5CD725A8ECC5003588B1 /* CocktailModel.swift in Sources */ = {isa = PBXBuildFile; fileRef = 520D5CD625A8ECC5003588B1 /* CocktailModel.swift */; };
		520D5CDC25A8EDC5003588B1 /* CocktailData.swift in Sources */ = {isa = PBXBuildFile; fileRef = 520D5CDB25A8EDC5003588B1 /* CocktailData.swift */; };
		520D5CE125A8F9DF003588B1 /* CocktailRowView.swift in Sources */ = {isa = PBXBuildFile; fileRef = 520D5CE025A8F9DF003588B1 /* CocktailRowView.swift */; };
		520D5CE425A904A0003588B1 /* CocktailDetailView.swift in Sources */ = {isa = PBXBuildFile; fileRef = 520D5CE325A904A0003588B1 /* CocktailDetailView.swift */; };
		520D5CE725A9088A003588B1 /* CocktailHeaderView.swift in Sources */ = {isa = PBXBuildFile; fileRef = 520D5CE625A9088A003588B1 /* CocktailHeaderView.swift */; };
		520D5CEA25A90BD0003588B1 /* SourceLinkView.swift in Sources */ = {isa = PBXBuildFile; fileRef = 520D5CE925A90BD0003588B1 /* SourceLinkView.swift */; };
		520D5CED25A931CE003588B1 /* CocktailIngredientsView.swift in Sources */ = {isa = PBXBuildFile; fileRef = 520D5CEC25A931CE003588B1 /* CocktailIngredientsView.swift */; };
		520D5CF125A93695003588B1 /* SettingsView.swift in Sources */ = {isa = PBXBuildFile; fileRef = 520D5CF025A93695003588B1 /* SettingsView.swift */; };
		520D5CF525A93D25003588B1 /* SettingsLabelView.swift in Sources */ = {isa = PBXBuildFile; fileRef = 520D5CF425A93D25003588B1 /* SettingsLabelView.swift */; };
		520D5CF825A941BD003588B1 /* SettingsRowView.swift in Sources */ = {isa = PBXBuildFile; fileRef = 520D5CF725A941BD003588B1 /* SettingsRowView.swift */; };
		52BD5306261159B300BFDC7C /* CocktailsTests.swift in Sources */ = {isa = PBXBuildFile; fileRef = 52BD5305261159B300BFDC7C /* CocktailsTests.swift */; };
/* End PBXBuildFile section */

/* Begin PBXContainerItemProxy section */
		52BD5308261159B300BFDC7C /* PBXContainerItemProxy */ = {
			isa = PBXContainerItemProxy;
			containerPortal = 520D5CAB25A8CC65003588B1 /* Project object */;
			proxyType = 1;
			remoteGlobalIDString = 520D5CB225A8CC65003588B1;
			remoteInfo = Cocktails;
		};
/* End PBXContainerItemProxy section */

/* Begin PBXFileReference section */
		520D5CB325A8CC65003588B1 /* Cocktails.app */ = {isa = PBXFileReference; explicitFileType = wrapper.application; includeInIndex = 0; path = Cocktails.app; sourceTree = BUILT_PRODUCTS_DIR; };
		520D5CB625A8CC65003588B1 /* CocktailsApp.swift */ = {isa = PBXFileReference; lastKnownFileType = sourcecode.swift; path = CocktailsApp.swift; sourceTree = "<group>"; };
		520D5CB825A8CC65003588B1 /* ContentView.swift */ = {isa = PBXFileReference; lastKnownFileType = sourcecode.swift; path = ContentView.swift; sourceTree = "<group>"; };
		520D5CBA25A8CC68003588B1 /* Assets.xcassets */ = {isa = PBXFileReference; lastKnownFileType = folder.assetcatalog; path = Assets.xcassets; sourceTree = "<group>"; };
		520D5CBD25A8CC68003588B1 /* Preview Assets.xcassets */ = {isa = PBXFileReference; lastKnownFileType = folder.assetcatalog; path = "Preview Assets.xcassets"; sourceTree = "<group>"; };
		520D5CBF25A8CC68003588B1 /* Info.plist */ = {isa = PBXFileReference; lastKnownFileType = text.plist.xml; path = Info.plist; sourceTree = "<group>"; };
		520D5CCB25A8DEAD003588B1 /* CocktailCardView.swift */ = {isa = PBXFileReference; lastKnownFileType = sourcecode.swift; path = CocktailCardView.swift; sourceTree = "<group>"; };
		520D5CCF25A8E44C003588B1 /* StartButtonView.swift */ = {isa = PBXFileReference; lastKnownFileType = sourcecode.swift; path = StartButtonView.swift; sourceTree = "<group>"; };
		520D5CD225A8E845003588B1 /* OnboardingView.swift */ = {isa = PBXFileReference; lastKnownFileType = sourcecode.swift; path = OnboardingView.swift; sourceTree = "<group>"; };
		520D5CD625A8ECC5003588B1 /* CocktailModel.swift */ = {isa = PBXFileReference; lastKnownFileType = sourcecode.swift; path = CocktailModel.swift; sourceTree = "<group>"; };
		520D5CDB25A8EDC5003588B1 /* CocktailData.swift */ = {isa = PBXFileReference; lastKnownFileType = sourcecode.swift; path = CocktailData.swift; sourceTree = "<group>"; };
		520D5CE025A8F9DF003588B1 /* CocktailRowView.swift */ = {isa = PBXFileReference; lastKnownFileType = sourcecode.swift; path = CocktailRowView.swift; sourceTree = "<group>"; };
		520D5CE325A904A0003588B1 /* CocktailDetailView.swift */ = {isa = PBXFileReference; lastKnownFileType = sourcecode.swift; path = CocktailDetailView.swift; sourceTree = "<group>"; };
		520D5CE625A9088A003588B1 /* CocktailHeaderView.swift */ = {isa = PBXFileReference; lastKnownFileType = sourcecode.swift; path = CocktailHeaderView.swift; sourceTree = "<group>"; };
		520D5CE925A90BD0003588B1 /* SourceLinkView.swift */ = {isa = PBXFileReference; lastKnownFileType = sourcecode.swift; path = SourceLinkView.swift; sourceTree = "<group>"; };
		520D5CEC25A931CE003588B1 /* CocktailIngredientsView.swift */ = {isa = PBXFileReference; lastKnownFileType = sourcecode.swift; path = CocktailIngredientsView.swift; sourceTree = "<group>"; };
		520D5CF025A93695003588B1 /* SettingsView.swift */ = {isa = PBXFileReference; lastKnownFileType = sourcecode.swift; path = SettingsView.swift; sourceTree = "<group>"; };
		520D5CF425A93D25003588B1 /* SettingsLabelView.swift */ = {isa = PBXFileReference; lastKnownFileType = sourcecode.swift; path = SettingsLabelView.swift; sourceTree = "<group>"; };
		520D5CF725A941BD003588B1 /* SettingsRowView.swift */ = {isa = PBXFileReference; lastKnownFileType = sourcecode.swift; path = SettingsRowView.swift; sourceTree = "<group>"; };
		52BD5303261159B300BFDC7C /* CocktailsTests.xctest */ = {isa = PBXFileReference; explicitFileType = wrapper.cfbundle; includeInIndex = 0; path = CocktailsTests.xctest; sourceTree = BUILT_PRODUCTS_DIR; };
		52BD5305261159B300BFDC7C /* CocktailsTests.swift */ = {isa = PBXFileReference; lastKnownFileType = sourcecode.swift; path = CocktailsTests.swift; sourceTree = "<group>"; };
		52BD5307261159B300BFDC7C /* Info.plist */ = {isa = PBXFileReference; lastKnownFileType = text.plist.xml; path = Info.plist; sourceTree = "<group>"; };
		56E73A5C181A5D8A12BB97BF /* Pods_Cocktails.framework */ = {isa = PBXFileReference; explicitFileType = wrapper.framework; includeInIndex = 0; path = Pods_Cocktails.framework; sourceTree = BUILT_PRODUCTS_DIR; };
		7E74B3B7714BE5EC35C6F229 /* Pods-Cocktails.release.xcconfig */ = {isa = PBXFileReference; includeInIndex = 1; lastKnownFileType = text.xcconfig; name = "Pods-Cocktails.release.xcconfig"; path = "Target Support Files/Pods-Cocktails/Pods-Cocktails.release.xcconfig"; sourceTree = "<group>"; };
		FF449CB90DE1413D3352D31D /* Pods-Cocktails.debug.xcconfig */ = {isa = PBXFileReference; includeInIndex = 1; lastKnownFileType = text.xcconfig; name = "Pods-Cocktails.debug.xcconfig"; path = "Target Support Files/Pods-Cocktails/Pods-Cocktails.debug.xcconfig"; sourceTree = "<group>"; };
/* End PBXFileReference section */

/* Begin PBXFrameworksBuildPhase section */
		520D5CB025A8CC65003588B1 /* Frameworks */ = {
			isa = PBXFrameworksBuildPhase;
			buildActionMask = 2147483647;
			files = (
				15D4306E0E7C10F44963DF1D /* Pods_Cocktails.framework in Frameworks */,
			);
			runOnlyForDeploymentPostprocessing = 0;
		};
		52BD5300261159B300BFDC7C /* Frameworks */ = {
			isa = PBXFrameworksBuildPhase;
			buildActionMask = 2147483647;
			files = (
			);
			runOnlyForDeploymentPostprocessing = 0;
		};
/* End PBXFrameworksBuildPhase section */

/* Begin PBXGroup section */
		520D5CAA25A8CC65003588B1 = {
			isa = PBXGroup;
			children = (
				520D5CB525A8CC65003588B1 /* Cocktails */,
				52BD5304261159B300BFDC7C /* CocktailsTests */,
				520D5CB425A8CC65003588B1 /* Products */,
				DAD0027B35DB5162BC87FE89 /* Pods */,
				8C75594D705DFC43281FDDAE /* Frameworks */,
			);
			sourceTree = "<group>";
		};
		520D5CB425A8CC65003588B1 /* Products */ = {
			isa = PBXGroup;
			children = (
				520D5CB325A8CC65003588B1 /* Cocktails.app */,
				52BD5303261159B300BFDC7C /* CocktailsTests.xctest */,
			);
			name = Products;
			sourceTree = "<group>";
		};
		520D5CB525A8CC65003588B1 /* Cocktails */ = {
			isa = PBXGroup;
			children = (
				520D5CC725A8DE17003588B1 /* App */,
				520D5CD525A8ECAD003588B1 /* Model */,
				520D5CCA25A8DE70003588B1 /* View */,
				520D5CDA25A8EDAD003588B1 /* Data */,
				520D5CBA25A8CC68003588B1 /* Assets.xcassets */,
				520D5CBF25A8CC68003588B1 /* Info.plist */,
				520D5CBC25A8CC68003588B1 /* Preview Content */,
			);
			path = Cocktails;
			sourceTree = "<group>";
		};
		520D5CBC25A8CC68003588B1 /* Preview Content */ = {
			isa = PBXGroup;
			children = (
				520D5CBD25A8CC68003588B1 /* Preview Assets.xcassets */,
			);
			path = "Preview Content";
			sourceTree = "<group>";
		};
		520D5CC725A8DE17003588B1 /* App */ = {
			isa = PBXGroup;
			children = (
				520D5CB625A8CC65003588B1 /* CocktailsApp.swift */,
				520D5CB825A8CC65003588B1 /* ContentView.swift */,
				520D5CD225A8E845003588B1 /* OnboardingView.swift */,
				520D5CE325A904A0003588B1 /* CocktailDetailView.swift */,
				520D5CF025A93695003588B1 /* SettingsView.swift */,
			);
			path = App;
			sourceTree = "<group>";
		};
		520D5CCA25A8DE70003588B1 /* View */ = {
			isa = PBXGroup;
			children = (
				520D5CCB25A8DEAD003588B1 /* CocktailCardView.swift */,
				520D5CCF25A8E44C003588B1 /* StartButtonView.swift */,
				520D5CE025A8F9DF003588B1 /* CocktailRowView.swift */,
				520D5CE625A9088A003588B1 /* CocktailHeaderView.swift */,
				520D5CE925A90BD0003588B1 /* SourceLinkView.swift */,
				520D5CEC25A931CE003588B1 /* CocktailIngredientsView.swift */,
				520D5CF425A93D25003588B1 /* SettingsLabelView.swift */,
				520D5CF725A941BD003588B1 /* SettingsRowView.swift */,
			);
			path = View;
			sourceTree = "<group>";
		};
		520D5CD525A8ECAD003588B1 /* Model */ = {
			isa = PBXGroup;
			children = (
				520D5CD625A8ECC5003588B1 /* CocktailModel.swift */,
			);
			path = Model;
			sourceTree = "<group>";
		};
		520D5CDA25A8EDAD003588B1 /* Data */ = {
			isa = PBXGroup;
			children = (
				520D5CDB25A8EDC5003588B1 /* CocktailData.swift */,
			);
			path = Data;
			sourceTree = "<group>";
		};
		52BD5304261159B300BFDC7C /* CocktailsTests */ = {
			isa = PBXGroup;
			children = (
				52BD5305261159B300BFDC7C /* CocktailsTests.swift */,
				52BD5307261159B300BFDC7C /* Info.plist */,
			);
			path = CocktailsTests;
			sourceTree = "<group>";
		};
		8C75594D705DFC43281FDDAE /* Frameworks */ = {
			isa = PBXGroup;
			children = (
				56E73A5C181A5D8A12BB97BF /* Pods_Cocktails.framework */,
			);
			name = Frameworks;
			sourceTree = "<group>";
		};
		DAD0027B35DB5162BC87FE89 /* Pods */ = {
			isa = PBXGroup;
			children = (
				FF449CB90DE1413D3352D31D /* Pods-Cocktails.debug.xcconfig */,
				7E74B3B7714BE5EC35C6F229 /* Pods-Cocktails.release.xcconfig */,
			);
			path = Pods;
			sourceTree = "<group>";
		};
/* End PBXGroup section */

/* Begin PBXNativeTarget section */
		520D5CB225A8CC65003588B1 /* Cocktails */ = {
			isa = PBXNativeTarget;
			buildConfigurationList = 520D5CC225A8CC68003588B1 /* Build configuration list for PBXNativeTarget "Cocktails" */;
			buildPhases = (
				7EF0649D8121897CD1FB1F8F /* [CP] Check Pods Manifest.lock */,
				520D5CAF25A8CC65003588B1 /* Sources */,
				520D5CB025A8CC65003588B1 /* Frameworks */,
				520D5CB125A8CC65003588B1 /* Resources */,
				B3941AF1B1A19D713EBA85EC /* [CP] Embed Pods Frameworks */,
			);
			buildRules = (
			);
			dependencies = (
			);
			name = Cocktails;
			productName = Cocktails;
			productReference = 520D5CB325A8CC65003588B1 /* Cocktails.app */;
			productType = "com.apple.product-type.application";
		};
		52BD5302261159B300BFDC7C /* CocktailsTests */ = {
			isa = PBXNativeTarget;
			buildConfigurationList = 52BD530C261159B300BFDC7C /* Build configuration list for PBXNativeTarget "CocktailsTests" */;
			buildPhases = (
				52BD52FF261159B300BFDC7C /* Sources */,
				52BD5300261159B300BFDC7C /* Frameworks */,
				52BD5301261159B300BFDC7C /* Resources */,
			);
			buildRules = (
			);
			dependencies = (
				52BD5309261159B300BFDC7C /* PBXTargetDependency */,
			);
			name = CocktailsTests;
			productName = CocktailsTests;
			productReference = 52BD5303261159B300BFDC7C /* CocktailsTests.xctest */;
			productType = "com.apple.product-type.bundle.unit-test";
		};
/* End PBXNativeTarget section */

/* Begin PBXProject section */
		520D5CAB25A8CC65003588B1 /* Project object */ = {
			isa = PBXProject;
			attributes = {
				LastSwiftUpdateCheck = 1240;
				LastUpgradeCheck = 1220;
				TargetAttributes = {
					520D5CB225A8CC65003588B1 = {
						CreatedOnToolsVersion = 12.2;
					};
					52BD5302261159B300BFDC7C = {
						CreatedOnToolsVersion = 12.4;
						TestTargetID = 520D5CB225A8CC65003588B1;
					};
				};
			};
			buildConfigurationList = 520D5CAE25A8CC65003588B1 /* Build configuration list for PBXProject "Cocktails" */;
			compatibilityVersion = "Xcode 9.3";
			developmentRegion = en;
			hasScannedForEncodings = 0;
			knownRegions = (
				en,
				Base,
			);
			mainGroup = 520D5CAA25A8CC65003588B1;
			productRefGroup = 520D5CB425A8CC65003588B1 /* Products */;
			projectDirPath = "";
			projectRoot = "";
			targets = (
				520D5CB225A8CC65003588B1 /* Cocktails */,
				52BD5302261159B300BFDC7C /* CocktailsTests */,
			);
		};
/* End PBXProject section */

/* Begin PBXResourcesBuildPhase section */
		520D5CB125A8CC65003588B1 /* Resources */ = {
			isa = PBXResourcesBuildPhase;
			buildActionMask = 2147483647;
			files = (
				520D5CBE25A8CC68003588B1 /* Preview Assets.xcassets in Resources */,
				520D5CBB25A8CC68003588B1 /* Assets.xcassets in Resources */,
			);
			runOnlyForDeploymentPostprocessing = 0;
		};
		52BD5301261159B300BFDC7C /* Resources */ = {
			isa = PBXResourcesBuildPhase;
			buildActionMask = 2147483647;
			files = (
			);
			runOnlyForDeploymentPostprocessing = 0;
		};
/* End PBXResourcesBuildPhase section */

/* Begin PBXShellScriptBuildPhase section */
		7EF0649D8121897CD1FB1F8F /* [CP] Check Pods Manifest.lock */ = {
			isa = PBXShellScriptBuildPhase;
			buildActionMask = 2147483647;
			files = (
			);
			inputFileListPaths = (
			);
			inputPaths = (
				"${PODS_PODFILE_DIR_PATH}/Podfile.lock",
				"${PODS_ROOT}/Manifest.lock",
			);
			name = "[CP] Check Pods Manifest.lock";
			outputFileListPaths = (
			);
			outputPaths = (
				"$(DERIVED_FILE_DIR)/Pods-Cocktails-checkManifestLockResult.txt",
			);
			runOnlyForDeploymentPostprocessing = 0;
			shellPath = /bin/sh;
			shellScript = "diff \"${PODS_PODFILE_DIR_PATH}/Podfile.lock\" \"${PODS_ROOT}/Manifest.lock\" > /dev/null\nif [ $? != 0 ] ; then\n    # print error to STDERR\n    echo \"error: The sandbox is not in sync with the Podfile.lock. Run 'pod install' or update your CocoaPods installation.\" >&2\n    exit 1\nfi\n# This output is used by Xcode 'outputs' to avoid re-running this script phase.\necho \"SUCCESS\" > \"${SCRIPT_OUTPUT_FILE_0}\"\n";
			showEnvVarsInLog = 0;
		};
		B3941AF1B1A19D713EBA85EC /* [CP] Embed Pods Frameworks */ = {
			isa = PBXShellScriptBuildPhase;
			buildActionMask = 2147483647;
			files = (
			);
			inputFileListPaths = (
				"${PODS_ROOT}/Target Support Files/Pods-Cocktails/Pods-Cocktails-frameworks-${CONFIGURATION}-input-files.xcfilelist",
			);
			name = "[CP] Embed Pods Frameworks";
			outputFileListPaths = (
				"${PODS_ROOT}/Target Support Files/Pods-Cocktails/Pods-Cocktails-frameworks-${CONFIGURATION}-output-files.xcfilelist",
			);
			runOnlyForDeploymentPostprocessing = 0;
			shellPath = /bin/sh;
			shellScript = "\"${PODS_ROOT}/Target Support Files/Pods-Cocktails/Pods-Cocktails-frameworks.sh\"\n";
			showEnvVarsInLog = 0;
		};
/* End PBXShellScriptBuildPhase section */

/* Begin PBXSourcesBuildPhase section */
		520D5CAF25A8CC65003588B1 /* Sources */ = {
			isa = PBXSourcesBuildPhase;
			buildActionMask = 2147483647;
			files = (
				520D5CCC25A8DEAD003588B1 /* CocktailCardView.swift in Sources */,
				520D5CEA25A90BD0003588B1 /* SourceLinkView.swift in Sources */,
				520D5CF825A941BD003588B1 /* SettingsRowView.swift in Sources */,
				520D5CDC25A8EDC5003588B1 /* CocktailData.swift in Sources */,
				520D5CD725A8ECC5003588B1 /* CocktailModel.swift in Sources */,
				520D5CE425A904A0003588B1 /* CocktailDetailView.swift in Sources */,
				520D5CED25A931CE003588B1 /* CocktailIngredientsView.swift in Sources */,
				520D5CD025A8E44C003588B1 /* StartButtonView.swift in Sources */,
				520D5CB925A8CC65003588B1 /* ContentView.swift in Sources */,
				520D5CE125A8F9DF003588B1 /* CocktailRowView.swift in Sources */,
				520D5CD325A8E845003588B1 /* OnboardingView.swift in Sources */,
				520D5CF525A93D25003588B1 /* SettingsLabelView.swift in Sources */,
				520D5CB725A8CC65003588B1 /* CocktailsApp.swift in Sources */,
				520D5CE725A9088A003588B1 /* CocktailHeaderView.swift in Sources */,
				520D5CF125A93695003588B1 /* SettingsView.swift in Sources */,
			);
			runOnlyForDeploymentPostprocessing = 0;
		};
		52BD52FF261159B300BFDC7C /* Sources */ = {
			isa = PBXSourcesBuildPhase;
			buildActionMask = 2147483647;
			files = (
				52BD5306261159B300BFDC7C /* CocktailsTests.swift in Sources */,
			);
			runOnlyForDeploymentPostprocessing = 0;
		};
/* End PBXSourcesBuildPhase section */

/* Begin PBXTargetDependency section */
		52BD5309261159B300BFDC7C /* PBXTargetDependency */ = {
			isa = PBXTargetDependency;
			target = 520D5CB225A8CC65003588B1 /* Cocktails */;
			targetProxy = 52BD5308261159B300BFDC7C /* PBXContainerItemProxy */;
		};
/* End PBXTargetDependency section */

/* Begin XCBuildConfiguration section */
		520D5CC025A8CC68003588B1 /* Debug */ = {
			isa = XCBuildConfiguration;
			buildSettings = {
				ALWAYS_SEARCH_USER_PATHS = NO;
				CLANG_ANALYZER_NONNULL = YES;
				CLANG_ANALYZER_NUMBER_OBJECT_CONVERSION = YES_AGGRESSIVE;
				CLANG_CXX_LANGUAGE_STANDARD = "gnu++14";
				CLANG_CXX_LIBRARY = "libc++";
				CLANG_ENABLE_MODULES = YES;
				CLANG_ENABLE_OBJC_ARC = YES;
				CLANG_ENABLE_OBJC_WEAK = YES;
				CLANG_WARN_BLOCK_CAPTURE_AUTORELEASING = YES;
				CLANG_WARN_BOOL_CONVERSION = YES;
				CLANG_WARN_COMMA = YES;
				CLANG_WARN_CONSTANT_CONVERSION = YES;
				CLANG_WARN_DEPRECATED_OBJC_IMPLEMENTATIONS = YES;
				CLANG_WARN_DIRECT_OBJC_ISA_USAGE = YES_ERROR;
				CLANG_WARN_DOCUMENTATION_COMMENTS = YES;
				CLANG_WARN_EMPTY_BODY = YES;
				CLANG_WARN_ENUM_CONVERSION = YES;
				CLANG_WARN_INFINITE_RECURSION = YES;
				CLANG_WARN_INT_CONVERSION = YES;
				CLANG_WARN_NON_LITERAL_NULL_CONVERSION = YES;
				CLANG_WARN_OBJC_IMPLICIT_RETAIN_SELF = YES;
				CLANG_WARN_OBJC_LITERAL_CONVERSION = YES;
				CLANG_WARN_OBJC_ROOT_CLASS = YES_ERROR;
				CLANG_WARN_QUOTED_INCLUDE_IN_FRAMEWORK_HEADER = YES;
				CLANG_WARN_RANGE_LOOP_ANALYSIS = YES;
				CLANG_WARN_STRICT_PROTOTYPES = YES;
				CLANG_WARN_SUSPICIOUS_MOVE = YES;
				CLANG_WARN_UNGUARDED_AVAILABILITY = YES_AGGRESSIVE;
				CLANG_WARN_UNREACHABLE_CODE = YES;
				CLANG_WARN__DUPLICATE_METHOD_MATCH = YES;
				COPY_PHASE_STRIP = NO;
				DEBUG_INFORMATION_FORMAT = dwarf;
				ENABLE_STRICT_OBJC_MSGSEND = YES;
				ENABLE_TESTABILITY = YES;
				GCC_C_LANGUAGE_STANDARD = gnu11;
				GCC_DYNAMIC_NO_PIC = NO;
				GCC_NO_COMMON_BLOCKS = YES;
				GCC_OPTIMIZATION_LEVEL = 0;
				GCC_PREPROCESSOR_DEFINITIONS = (
					"DEBUG=1",
					"$(inherited)",
				);
				GCC_WARN_64_TO_32_BIT_CONVERSION = YES;
				GCC_WARN_ABOUT_RETURN_TYPE = YES_ERROR;
				GCC_WARN_UNDECLARED_SELECTOR = YES;
				GCC_WARN_UNINITIALIZED_AUTOS = YES_AGGRESSIVE;
				GCC_WARN_UNUSED_FUNCTION = YES;
				GCC_WARN_UNUSED_VARIABLE = YES;
				IPHONEOS_DEPLOYMENT_TARGET = 14.2;
				MTL_ENABLE_DEBUG_INFO = INCLUDE_SOURCE;
				MTL_FAST_MATH = YES;
				ONLY_ACTIVE_ARCH = YES;
				SDKROOT = iphoneos;
				SWIFT_ACTIVE_COMPILATION_CONDITIONS = DEBUG;
				SWIFT_OPTIMIZATION_LEVEL = "-Onone";
			};
			name = Debug;
		};
		520D5CC125A8CC68003588B1 /* Release */ = {
			isa = XCBuildConfiguration;
			buildSettings = {
				ALWAYS_SEARCH_USER_PATHS = NO;
				CLANG_ANALYZER_NONNULL = YES;
				CLANG_ANALYZER_NUMBER_OBJECT_CONVERSION = YES_AGGRESSIVE;
				CLANG_CXX_LANGUAGE_STANDARD = "gnu++14";
				CLANG_CXX_LIBRARY = "libc++";
				CLANG_ENABLE_MODULES = YES;
				CLANG_ENABLE_OBJC_ARC = YES;
				CLANG_ENABLE_OBJC_WEAK = YES;
				CLANG_WARN_BLOCK_CAPTURE_AUTORELEASING = YES;
				CLANG_WARN_BOOL_CONVERSION = YES;
				CLANG_WARN_COMMA = YES;
				CLANG_WARN_CONSTANT_CONVERSION = YES;
				CLANG_WARN_DEPRECATED_OBJC_IMPLEMENTATIONS = YES;
				CLANG_WARN_DIRECT_OBJC_ISA_USAGE = YES_ERROR;
				CLANG_WARN_DOCUMENTATION_COMMENTS = YES;
				CLANG_WARN_EMPTY_BODY = YES;
				CLANG_WARN_ENUM_CONVERSION = YES;
				CLANG_WARN_INFINITE_RECURSION = YES;
				CLANG_WARN_INT_CONVERSION = YES;
				CLANG_WARN_NON_LITERAL_NULL_CONVERSION = YES;
				CLANG_WARN_OBJC_IMPLICIT_RETAIN_SELF = YES;
				CLANG_WARN_OBJC_LITERAL_CONVERSION = YES;
				CLANG_WARN_OBJC_ROOT_CLASS = YES_ERROR;
				CLANG_WARN_QUOTED_INCLUDE_IN_FRAMEWORK_HEADER = YES;
				CLANG_WARN_RANGE_LOOP_ANALYSIS = YES;
				CLANG_WARN_STRICT_PROTOTYPES = YES;
				CLANG_WARN_SUSPICIOUS_MOVE = YES;
				CLANG_WARN_UNGUARDED_AVAILABILITY = YES_AGGRESSIVE;
				CLANG_WARN_UNREACHABLE_CODE = YES;
				CLANG_WARN__DUPLICATE_METHOD_MATCH = YES;
				COPY_PHASE_STRIP = NO;
				DEBUG_INFORMATION_FORMAT = "dwarf-with-dsym";
				ENABLE_NS_ASSERTIONS = NO;
				ENABLE_STRICT_OBJC_MSGSEND = YES;
				GCC_C_LANGUAGE_STANDARD = gnu11;
				GCC_NO_COMMON_BLOCKS = YES;
				GCC_WARN_64_TO_32_BIT_CONVERSION = YES;
				GCC_WARN_ABOUT_RETURN_TYPE = YES_ERROR;
				GCC_WARN_UNDECLARED_SELECTOR = YES;
				GCC_WARN_UNINITIALIZED_AUTOS = YES_AGGRESSIVE;
				GCC_WARN_UNUSED_FUNCTION = YES;
				GCC_WARN_UNUSED_VARIABLE = YES;
				IPHONEOS_DEPLOYMENT_TARGET = 14.2;
				MTL_ENABLE_DEBUG_INFO = NO;
				MTL_FAST_MATH = YES;
				SDKROOT = iphoneos;
				SWIFT_COMPILATION_MODE = wholemodule;
				SWIFT_OPTIMIZATION_LEVEL = "-O";
				VALIDATE_PRODUCT = YES;
			};
			name = Release;
		};
		520D5CC325A8CC68003588B1 /* Debug */ = {
			isa = XCBuildConfiguration;
			baseConfigurationReference = FF449CB90DE1413D3352D31D /* Pods-Cocktails.debug.xcconfig */;
			buildSettings = {
				ASSETCATALOG_COMPILER_APPICON_NAME = AppIcon;
				ASSETCATALOG_COMPILER_GLOBAL_ACCENT_COLOR_NAME = AccentColor;
				CODE_SIGN_IDENTITY = "iPhone Developer";
				CODE_SIGN_STYLE = Manual;
				DEVELOPMENT_ASSET_PATHS = "\"Cocktails/Preview Content\"";
				DEVELOPMENT_TEAM = 3PKRW86A3H;
				ENABLE_PREVIEWS = YES;
				INFOPLIST_FILE = Cocktails/Info.plist;
				IPHONEOS_DEPLOYMENT_TARGET = 14.0;
				LD_RUNPATH_SEARCH_PATHS = (
					"$(inherited)",
					"@executable_path/Frameworks",
				);
				PRODUCT_BUNDLE_IDENTIFIER = tothbence.Cocktails;
				PRODUCT_NAME = "$(TARGET_NAME)";
				PROVISIONING_PROFILE_SPECIFIER = General;
				SWIFT_VERSION = 5.0;
				TARGETED_DEVICE_FAMILY = "1,2";
			};
			name = Debug;
		};
		520D5CC425A8CC68003588B1 /* Release */ = {
			isa = XCBuildConfiguration;
			baseConfigurationReference = 7E74B3B7714BE5EC35C6F229 /* Pods-Cocktails.release.xcconfig */;
			buildSettings = {
				ASSETCATALOG_COMPILER_APPICON_NAME = AppIcon;
				ASSETCATALOG_COMPILER_GLOBAL_ACCENT_COLOR_NAME = AccentColor;
				CODE_SIGN_IDENTITY = "iPhone Developer";
				CODE_SIGN_STYLE = Manual;
				DEVELOPMENT_ASSET_PATHS = "\"Cocktails/Preview Content\"";
				DEVELOPMENT_TEAM = 3PKRW86A3H;
				ENABLE_PREVIEWS = YES;
				INFOPLIST_FILE = Cocktails/Info.plist;
				IPHONEOS_DEPLOYMENT_TARGET = 14.0;
				LD_RUNPATH_SEARCH_PATHS = (
					"$(inherited)",
					"@executable_path/Frameworks",
				);
				PRODUCT_BUNDLE_IDENTIFIER = tothbence.Cocktails;
				PRODUCT_NAME = "$(TARGET_NAME)";
				PROVISIONING_PROFILE_SPECIFIER = General;
				SWIFT_VERSION = 5.0;
				TARGETED_DEVICE_FAMILY = "1,2";
			};
			name = Release;
		};
		52BD530A261159B300BFDC7C /* Debug */ = {
			isa = XCBuildConfiguration;
			buildSettings = {
				BUNDLE_LOADER = "$(TEST_HOST)";
				CODE_SIGN_STYLE = Automatic;
				DEVELOPMENT_TEAM = 5YDPFZTS8D;
				INFOPLIST_FILE = CocktailsTests/Info.plist;
				IPHONEOS_DEPLOYMENT_TARGET = 14.4;
				LD_RUNPATH_SEARCH_PATHS = (
					"$(inherited)",
					"@executable_path/Frameworks",
					"@loader_path/Frameworks",
				);
				PRODUCT_BUNDLE_IDENTIFIER = bencetoth.CocktailsTests;
				PRODUCT_NAME = "$(TARGET_NAME)";
				SWIFT_VERSION = 5.0;
				TARGETED_DEVICE_FAMILY = "1,2";
				TEST_HOST = "$(BUILT_PRODUCTS_DIR)/Cocktails.app/Cocktails";
			};
			name = Debug;
		};
		52BD530B261159B300BFDC7C /* Release */ = {
			isa = XCBuildConfiguration;
			buildSettings = {
				BUNDLE_LOADER = "$(TEST_HOST)";
				CODE_SIGN_STYLE = Automatic;
				DEVELOPMENT_TEAM = 5YDPFZTS8D;
				INFOPLIST_FILE = CocktailsTests/Info.plist;
				IPHONEOS_DEPLOYMENT_TARGET = 14.4;
				LD_RUNPATH_SEARCH_PATHS = (
					"$(inherited)",
					"@executable_path/Frameworks",
					"@loader_path/Frameworks",
				);
				PRODUCT_BUNDLE_IDENTIFIER = bencetoth.CocktailsTests;
				PRODUCT_NAME = "$(TARGET_NAME)";
				SWIFT_VERSION = 5.0;
				TARGETED_DEVICE_FAMILY = "1,2";
				TEST_HOST = "$(BUILT_PRODUCTS_DIR)/Cocktails.app/Cocktails";
			};
			name = Release;
		};
/* End XCBuildConfiguration section */

/* Begin XCConfigurationList section */
		520D5CAE25A8CC65003588B1 /* Build configuration list for PBXProject "Cocktails" */ = {
			isa = XCConfigurationList;
			buildConfigurations = (
				520D5CC025A8CC68003588B1 /* Debug */,
				520D5CC125A8CC68003588B1 /* Release */,
			);
			defaultConfigurationIsVisible = 0;
			defaultConfigurationName = Release;
		};
		520D5CC225A8CC68003588B1 /* Build configuration list for PBXNativeTarget "Cocktails" */ = {
			isa = XCConfigurationList;
			buildConfigurations = (
				520D5CC325A8CC68003588B1 /* Debug */,
				520D5CC425A8CC68003588B1 /* Release */,
			);
			defaultConfigurationIsVisible = 0;
			defaultConfigurationName = Release;
		};
		52BD530C261159B300BFDC7C /* Build configuration list for PBXNativeTarget "CocktailsTests" */ = {
			isa = XCConfigurationList;
			buildConfigurations = (
				52BD530A261159B300BFDC7C /* Debug */,
				52BD530B261159B300BFDC7C /* Release */,
			);
			defaultConfigurationIsVisible = 0;
			defaultConfigurationName = Release;
		};
/* End XCConfigurationList section */
	};
	rootObject = 520D5CAB25A8CC65003588B1 /* Project object */;
}
